
Microsoft Visual Studio Solution File, Format Version 12.00
# Visual Studio Version 16
VisualStudioVersion = 16.0.34902.97
MinimumVisualStudioVersion = 10.0.40219.1
Project("{C9674DCB-5085-4A16-B785-4C70DD1589BD}") = "Nhom_6_Resort_Hotel_DW_SSIS", "Nhom_6_Resort_Hotel_DW_SSIS\Nhom_6_Resort_Hotel_DW_SSIS.dtproj", "{41576449-B489-4359-B7A5-AA827EAAA2B0}"
EndProject
Global
	GlobalSection(SolutionConfigurationPlatforms) = preSolution
		Development|Default = Development|Default
	EndGlobalSection
	GlobalSection(ProjectConfigurationPlatforms) = postSolution
		{41576449-B489-4359-B7A5-AA827EAAA2B0}.Development|Default.ActiveCfg = Development
		{41576449-B489-4359-B7A5-AA827EAAA2B0}.Development|Default.Build.0 = Development
	EndGlobalSection
	GlobalSection(SolutionProperties) = preSolution
		HideSolutionNode = FALSE
	EndGlobalSection
	GlobalSection(ExtensibilityGlobals) = postSolution
		SolutionGuid = {4EC25C50-810A-4044-ABF8-D6E4DA050DA2}
	EndGlobalSection
EndGlobal
